// !$*UTF8*$!
{
	archiveVersion = 1;
	classes = {
	};
	objectVersion = 46;
	objects = {

/* Begin PBXBuildFile section */
		03DB08611B86BB1000692E39 /* main.m in Sources */ = {isa = PBXBuildFile; fileRef = 03DB08601B86BB1000692E39 /* main.m */; };
		03DB08641B86BB1000692E39 /* AppDelegate.m in Sources */ = {isa = PBXBuildFile; fileRef = 03DB08631B86BB1000692E39 /* AppDelegate.m */; };
		03DB08671B86BB1000692E39 /* ViewController.m in Sources */ = {isa = PBXBuildFile; fileRef = 03DB08661B86BB1000692E39 /* ViewController.m */; };
		03DB086A1B86BB1000692E39 /* Main.storyboard in Resources */ = {isa = PBXBuildFile; fileRef = 03DB08681B86BB1000692E39 /* Main.storyboard */; };
		03DB086C1B86BB1000692E39 /* Images.xcassets in Resources */ = {isa = PBXBuildFile; fileRef = 03DB086B1B86BB1000692E39 /* Images.xcassets */; };
		03DB086F1B86BB1000692E39 /* LaunchScreen.xib in Resources */ = {isa = PBXBuildFile; fileRef = 03DB086D1B86BB1000692E39 /* LaunchScreen.xib */; };
		03DB087B1B86BB1000692E39 /* YJT__yawTests.m in Sources */ = {isa = PBXBuildFile; fileRef = 03DB087A1B86BB1000692E39 /* YJT__yawTests.m */; };
		03DB08F81B86FED500692E39 /* MASCompositeConstraint.m in Sources */ = {isa = PBXBuildFile; fileRef = 03DB08E21B86FED500692E39 /* MASCompositeConstraint.m */; };
		03DB08F91B86FED500692E39 /* MASConstraint.m in Sources */ = {isa = PBXBuildFile; fileRef = 03DB08E51B86FED500692E39 /* MASConstraint.m */; };
		03DB08FA1B86FED500692E39 /* MASConstraintMaker.m in Sources */ = {isa = PBXBuildFile; fileRef = 03DB08E71B86FED500692E39 /* MASConstraintMaker.m */; };
		03DB08FB1B86FED500692E39 /* MASLayoutConstraint.m in Sources */ = {isa = PBXBuildFile; fileRef = 03DB08E91B86FED500692E39 /* MASLayoutConstraint.m */; };
		03DB08FC1B86FED500692E39 /* MASViewAttribute.m in Sources */ = {isa = PBXBuildFile; fileRef = 03DB08ED1B86FED500692E39 /* MASViewAttribute.m */; };
		03DB08FD1B86FED500692E39 /* MASViewConstraint.m in Sources */ = {isa = PBXBuildFile; fileRef = 03DB08EF1B86FED500692E39 /* MASViewConstraint.m */; };
		03DB08FE1B86FED500692E39 /* NSArray+MASAdditions.m in Sources */ = {isa = PBXBuildFile; fileRef = 03DB08F11B86FED500692E39 /* NSArray+MASAdditions.m */; };
		03DB08FF1B86FED500692E39 /* NSLayoutConstraint+MASDebugAdditions.m in Sources */ = {isa = PBXBuildFile; fileRef = 03DB08F41B86FED500692E39 /* NSLayoutConstraint+MASDebugAdditions.m */; };
		03DB09001B86FED500692E39 /* View+MASAdditions.m in Sources */ = {isa = PBXBuildFile; fileRef = 03DB08F61B86FED500692E39 /* View+MASAdditions.m */; };
		03DB090E1B86FF0000692E39 /* BaseViewController.m in Sources */ = {isa = PBXBuildFile; fileRef = 03DB09021B86FF0000692E39 /* BaseViewController.m */; };
		03DB09241B86FF8600692E39 /* GoodMercharViewController.m in Sources */ = {isa = PBXBuildFile; fileRef = 03DB09171B86FF8600692E39 /* GoodMercharViewController.m */; };
		03DB09251B86FF8600692E39 /* HomeViewController.m in Sources */ = {isa = PBXBuildFile; fileRef = 03DB091A1B86FF8600692E39 /* HomeViewController.m */; };
		03DB09261B86FF8600692E39 /* ManagedTypesViewController.m in Sources */ = {isa = PBXBuildFile; fileRef = 03DB091C1B86FF8600692E39 /* ManagedTypesViewController.m */; };
		03DB09271B86FF8600692E39 /* ManagedTypesViewController.xib in Resources */ = {isa = PBXBuildFile; fileRef = 03DB091D1B86FF8600692E39 /* ManagedTypesViewController.xib */; };
		03DB09281B86FF8600692E39 /* MyCenterViewController.m in Sources */ = {isa = PBXBuildFile; fileRef = 03DB09201B86FF8600692E39 /* MyCenterViewController.m */; };
		03DB09291B86FF8600692E39 /* ShareViewController.m in Sources */ = {isa = PBXBuildFile; fileRef = 03DB09231B86FF8600692E39 /* ShareViewController.m */; };
		03DB092D1B8708AB00692E39 /* EarlyEducationViewController.m in Sources */ = {isa = PBXBuildFile; fileRef = 03DB092B1B8708AB00692E39 /* EarlyEducationViewController.m */; };
		03DB092E1B8708AB00692E39 /* EarlyEducationViewController.xib in Resources */ = {isa = PBXBuildFile; fileRef = 03DB092C1B8708AB00692E39 /* EarlyEducationViewController.xib */; };
		03DB09321B8708C300692E39 /* WebViewController.m in Sources */ = {isa = PBXBuildFile; fileRef = 03DB09301B8708C300692E39 /* WebViewController.m */; };
		03DB09331B8708C300692E39 /* WebViewController.xib in Resources */ = {isa = PBXBuildFile; fileRef = 03DB09311B8708C300692E39 /* WebViewController.xib */; };
		03DB09371B8708E800692E39 /* GoodInfomationViewController.m in Sources */ = {isa = PBXBuildFile; fileRef = 03DB09351B8708E800692E39 /* GoodInfomationViewController.m */; };
		03DB09381B8708E800692E39 /* GoodInfomationViewController.xib in Resources */ = {isa = PBXBuildFile; fileRef = 03DB09361B8708E800692E39 /* GoodInfomationViewController.xib */; };
		03DB09411B87095700692E39 /* OnlineOrderViewController.m in Sources */ = {isa = PBXBuildFile; fileRef = 03DB093F1B87095700692E39 /* OnlineOrderViewController.m */; };
		03DB09421B87095700692E39 /* OnlineOrderViewController.xib in Resources */ = {isa = PBXBuildFile; fileRef = 03DB09401B87095700692E39 /* OnlineOrderViewController.xib */; };
		03DB09461B87099F00692E39 /* OrderSuccessfulViewController.m in Sources */ = {isa = PBXBuildFile; fileRef = 03DB09441B87099F00692E39 /* OrderSuccessfulViewController.m */; };
		03DB09471B87099F00692E39 /* OrderSuccessfulViewController.xib in Resources */ = {isa = PBXBuildFile; fileRef = 03DB09451B87099F00692E39 /* OrderSuccessfulViewController.xib */; };
		03DB094B1B8709E900692E39 /* MyEvaluationViewController.m in Sources */ = {isa = PBXBuildFile; fileRef = 03DB09491B8709E900692E39 /* MyEvaluationViewController.m */; };
		03DB094C1B8709E900692E39 /* MyEvaluationViewController.xib in Resources */ = {isa = PBXBuildFile; fileRef = 03DB094A1B8709E900692E39 /* MyEvaluationViewController.xib */; };
		03DB09531B8713D400692E39 /* GoodMercharTableViewCell.m in Sources */ = {isa = PBXBuildFile; fileRef = 03DB09511B8713D400692E39 /* GoodMercharTableViewCell.m */; };
		03DB09541B8713D400692E39 /* GoodMercharTableViewCell.xib in Resources */ = {isa = PBXBuildFile; fileRef = 03DB09521B8713D400692E39 /* GoodMercharTableViewCell.xib */; };
		03DB09581B87145700692E39 /* ManagedTypesTableViewCell.m in Sources */ = {isa = PBXBuildFile; fileRef = 03DB09561B87145700692E39 /* ManagedTypesTableViewCell.m */; };
		03DB09591B87145700692E39 /* ManagedTypesTableViewCell.xib in Resources */ = {isa = PBXBuildFile; fileRef = 03DB09571B87145700692E39 /* ManagedTypesTableViewCell.xib */; };
		03DB095D1B874E4300692E39 /* ManagedViewController.m in Sources */ = {isa = PBXBuildFile; fileRef = 03DB095B1B874E4300692E39 /* ManagedViewController.m */; };
		03DB095E1B874E4300692E39 /* ManagedViewController.xib in Resources */ = {isa = PBXBuildFile; fileRef = 03DB095C1B874E4300692E39 /* ManagedViewController.xib */; };
/* End PBXBuildFile section */

/* Begin PBXContainerItemProxy section */
		03DB08751B86BB1000692E39 /* PBXContainerItemProxy */ = {
			isa = PBXContainerItemProxy;
			containerPortal = 03DB08531B86BB1000692E39 /* Project object */;
			proxyType = 1;
			remoteGlobalIDString = 03DB085A1B86BB1000692E39;
			remoteInfo = "YJT--yaw";
		};
/* End PBXContainerItemProxy section */

/* Begin PBXFileReference section */
		03DB085B1B86BB1000692E39 /* YJT--yaw.app */ = {isa = PBXFileReference; explicitFileType = wrapper.application; includeInIndex = 0; path = "YJT--yaw.app"; sourceTree = BUILT_PRODUCTS_DIR; };
		03DB085F1B86BB1000692E39 /* Info.plist */ = {isa = PBXFileReference; lastKnownFileType = text.plist.xml; path = Info.plist; sourceTree = "<group>"; };
		03DB08601B86BB1000692E39 /* main.m */ = {isa = PBXFileReference; lastKnownFileType = sourcecode.c.objc; path = main.m; sourceTree = "<group>"; };
		03DB08621B86BB1000692E39 /* AppDelegate.h */ = {isa = PBXFileReference; lastKnownFileType = sourcecode.c.h; path = AppDelegate.h; sourceTree = "<group>"; };
		03DB08631B86BB1000692E39 /* AppDelegate.m */ = {isa = PBXFileReference; lastKnownFileType = sourcecode.c.objc; path = AppDelegate.m; sourceTree = "<group>"; };
		03DB08651B86BB1000692E39 /* ViewController.h */ = {isa = PBXFileReference; lastKnownFileType = sourcecode.c.h; path = ViewController.h; sourceTree = "<group>"; };
		03DB08661B86BB1000692E39 /* ViewController.m */ = {isa = PBXFileReference; lastKnownFileType = sourcecode.c.objc; path = ViewController.m; sourceTree = "<group>"; };
		03DB08691B86BB1000692E39 /* Base */ = {isa = PBXFileReference; lastKnownFileType = file.storyboard; name = Base; path = Base.lproj/Main.storyboard; sourceTree = "<group>"; };
		03DB086B1B86BB1000692E39 /* Images.xcassets */ = {isa = PBXFileReference; lastKnownFileType = folder.assetcatalog; path = Images.xcassets; sourceTree = "<group>"; };
		03DB086E1B86BB1000692E39 /* Base */ = {isa = PBXFileReference; lastKnownFileType = file.xib; name = Base; path = Base.lproj/LaunchScreen.xib; sourceTree = "<group>"; };
		03DB08741B86BB1000692E39 /* YJT--yawTests.xctest */ = {isa = PBXFileReference; explicitFileType = wrapper.cfbundle; includeInIndex = 0; path = "YJT--yawTests.xctest"; sourceTree = BUILT_PRODUCTS_DIR; };
		03DB08791B86BB1000692E39 /* Info.plist */ = {isa = PBXFileReference; lastKnownFileType = text.plist.xml; path = Info.plist; sourceTree = "<group>"; };
		03DB087A1B86BB1000692E39 /* YJT__yawTests.m */ = {isa = PBXFileReference; lastKnownFileType = sourcecode.c.objc; path = YJT__yawTests.m; sourceTree = "<group>"; };
		03DB08DF1B86FECD00692E39 /* Header.h */ = {isa = PBXFileReference; fileEncoding = 4; lastKnownFileType = sourcecode.c.h; path = Header.h; sourceTree = "<group>"; };
		03DB08E11B86FED500692E39 /* MASCompositeConstraint.h */ = {isa = PBXFileReference; fileEncoding = 4; lastKnownFileType = sourcecode.c.h; path = MASCompositeConstraint.h; sourceTree = "<group>"; };
		03DB08E21B86FED500692E39 /* MASCompositeConstraint.m */ = {isa = PBXFileReference; fileEncoding = 4; lastKnownFileType = sourcecode.c.objc; path = MASCompositeConstraint.m; sourceTree = "<group>"; };
		03DB08E31B86FED500692E39 /* MASConstraint+Private.h */ = {isa = PBXFileReference; fileEncoding = 4; lastKnownFileType = sourcecode.c.h; path = "MASConstraint+Private.h"; sourceTree = "<group>"; };
		03DB08E41B86FED500692E39 /* MASConstraint.h */ = {isa = PBXFileReference; fileEncoding = 4; lastKnownFileType = sourcecode.c.h; path = MASConstraint.h; sourceTree = "<group>"; };
		03DB08E51B86FED500692E39 /* MASConstraint.m */ = {isa = PBXFileReference; fileEncoding = 4; lastKnownFileType = sourcecode.c.objc; path = MASConstraint.m; sourceTree = "<group>"; };
		03DB08E61B86FED500692E39 /* MASConstraintMaker.h */ = {isa = PBXFileReference; fileEncoding = 4; lastKnownFileType = sourcecode.c.h; path = MASConstraintMaker.h; sourceTree = "<group>"; };
		03DB08E71B86FED500692E39 /* MASConstraintMaker.m */ = {isa = PBXFileReference; fileEncoding = 4; lastKnownFileType = sourcecode.c.objc; path = MASConstraintMaker.m; sourceTree = "<group>"; };
		03DB08E81B86FED500692E39 /* MASLayoutConstraint.h */ = {isa = PBXFileReference; fileEncoding = 4; lastKnownFileType = sourcecode.c.h; path = MASLayoutConstraint.h; sourceTree = "<group>"; };
		03DB08E91B86FED500692E39 /* MASLayoutConstraint.m */ = {isa = PBXFileReference; fileEncoding = 4; lastKnownFileType = sourcecode.c.objc; path = MASLayoutConstraint.m; sourceTree = "<group>"; };
		03DB08EA1B86FED500692E39 /* Masonry.h */ = {isa = PBXFileReference; fileEncoding = 4; lastKnownFileType = sourcecode.c.h; path = Masonry.h; sourceTree = "<group>"; };
		03DB08EB1B86FED500692E39 /* MASUtilities.h */ = {isa = PBXFileReference; fileEncoding = 4; lastKnownFileType = sourcecode.c.h; path = MASUtilities.h; sourceTree = "<group>"; };
		03DB08EC1B86FED500692E39 /* MASViewAttribute.h */ = {isa = PBXFileReference; fileEncoding = 4; lastKnownFileType = sourcecode.c.h; path = MASViewAttribute.h; sourceTree = "<group>"; };
		03DB08ED1B86FED500692E39 /* MASViewAttribute.m */ = {isa = PBXFileReference; fileEncoding = 4; lastKnownFileType = sourcecode.c.objc; path = MASViewAttribute.m; sourceTree = "<group>"; };
		03DB08EE1B86FED500692E39 /* MASViewConstraint.h */ = {isa = PBXFileReference; fileEncoding = 4; lastKnownFileType = sourcecode.c.h; path = MASViewConstraint.h; sourceTree = "<group>"; };
		03DB08EF1B86FED500692E39 /* MASViewConstraint.m */ = {isa = PBXFileReference; fileEncoding = 4; lastKnownFileType = sourcecode.c.objc; path = MASViewConstraint.m; sourceTree = "<group>"; };
		03DB08F01B86FED500692E39 /* NSArray+MASAdditions.h */ = {isa = PBXFileReference; fileEncoding = 4; lastKnownFileType = sourcecode.c.h; path = "NSArray+MASAdditions.h"; sourceTree = "<group>"; };
		03DB08F11B86FED500692E39 /* NSArray+MASAdditions.m */ = {isa = PBXFileReference; fileEncoding = 4; lastKnownFileType = sourcecode.c.objc; path = "NSArray+MASAdditions.m"; sourceTree = "<group>"; };
		03DB08F21B86FED500692E39 /* NSArray+MASShorthandAdditions.h */ = {isa = PBXFileReference; fileEncoding = 4; lastKnownFileType = sourcecode.c.h; path = "NSArray+MASShorthandAdditions.h"; sourceTree = "<group>"; };
		03DB08F31B86FED500692E39 /* NSLayoutConstraint+MASDebugAdditions.h */ = {isa = PBXFileReference; fileEncoding = 4; lastKnownFileType = sourcecode.c.h; path = "NSLayoutConstraint+MASDebugAdditions.h"; sourceTree = "<group>"; };
		03DB08F41B86FED500692E39 /* NSLayoutConstraint+MASDebugAdditions.m */ = {isa = PBXFileReference; fileEncoding = 4; lastKnownFileType = sourcecode.c.objc; path = "NSLayoutConstraint+MASDebugAdditions.m"; sourceTree = "<group>"; };
		03DB08F51B86FED500692E39 /* View+MASAdditions.h */ = {isa = PBXFileReference; fileEncoding = 4; lastKnownFileType = sourcecode.c.h; path = "View+MASAdditions.h"; sourceTree = "<group>"; };
		03DB08F61B86FED500692E39 /* View+MASAdditions.m */ = {isa = PBXFileReference; fileEncoding = 4; lastKnownFileType = sourcecode.c.objc; path = "View+MASAdditions.m"; sourceTree = "<group>"; };
		03DB08F71B86FED500692E39 /* View+MASShorthandAdditions.h */ = {isa = PBXFileReference; fileEncoding = 4; lastKnownFileType = sourcecode.c.h; path = "View+MASShorthandAdditions.h"; sourceTree = "<group>"; };
		03DB09011B86FF0000692E39 /* BaseViewController.h */ = {isa = PBXFileReference; fileEncoding = 4; lastKnownFileType = sourcecode.c.h; path = BaseViewController.h; sourceTree = "<group>"; };
		03DB09021B86FF0000692E39 /* BaseViewController.m */ = {isa = PBXFileReference; fileEncoding = 4; lastKnownFileType = sourcecode.c.objc; path = BaseViewController.m; sourceTree = "<group>"; };
		03DB09161B86FF8600692E39 /* GoodMercharViewController.h */ = {isa = PBXFileReference; fileEncoding = 4; lastKnownFileType = sourcecode.c.h; path = GoodMercharViewController.h; sourceTree = "<group>"; };
		03DB09171B86FF8600692E39 /* GoodMercharViewController.m */ = {isa = PBXFileReference; fileEncoding = 4; lastKnownFileType = sourcecode.c.objc; path = GoodMercharViewController.m; sourceTree = "<group>"; };
		03DB09191B86FF8600692E39 /* HomeViewController.h */ = {isa = PBXFileReference; fileEncoding = 4; lastKnownFileType = sourcecode.c.h; path = HomeViewController.h; sourceTree = "<group>"; };
		03DB091A1B86FF8600692E39 /* HomeViewController.m */ = {isa = PBXFileReference; fileEncoding = 4; lastKnownFileType = sourcecode.c.objc; path = HomeViewController.m; sourceTree = "<group>"; };
		03DB091B1B86FF8600692E39 /* ManagedTypesViewController.h */ = {isa = PBXFileReference; fileEncoding = 4; lastKnownFileType = sourcecode.c.h; path = ManagedTypesViewController.h; sourceTree = "<group>"; };
		03DB091C1B86FF8600692E39 /* ManagedTypesViewController.m */ = {isa = PBXFileReference; fileEncoding = 4; lastKnownFileType = sourcecode.c.objc; path = ManagedTypesViewController.m; sourceTree = "<group>"; };
		03DB091D1B86FF8600692E39 /* ManagedTypesViewController.xib */ = {isa = PBXFileReference; fileEncoding = 4; lastKnownFileType = file.xib; path = ManagedTypesViewController.xib; sourceTree = "<group>"; };
		03DB091F1B86FF8600692E39 /* MyCenterViewController.h */ = {isa = PBXFileReference; fileEncoding = 4; lastKnownFileType = sourcecode.c.h; path = MyCenterViewController.h; sourceTree = "<group>"; };
		03DB09201B86FF8600692E39 /* MyCenterViewController.m */ = {isa = PBXFileReference; fileEncoding = 4; lastKnownFileType = sourcecode.c.objc; path = MyCenterViewController.m; sourceTree = "<group>"; };
		03DB09221B86FF8600692E39 /* ShareViewController.h */ = {isa = PBXFileReference; fileEncoding = 4; lastKnownFileType = sourcecode.c.h; path = ShareViewController.h; sourceTree = "<group>"; };
		03DB09231B86FF8600692E39 /* ShareViewController.m */ = {isa = PBXFileReference; fileEncoding = 4; lastKnownFileType = sourcecode.c.objc; path = ShareViewController.m; sourceTree = "<group>"; };
		03DB092A1B8708AB00692E39 /* EarlyEducationViewController.h */ = {isa = PBXFileReference; fileEncoding = 4; lastKnownFileType = sourcecode.c.h; path = EarlyEducationViewController.h; sourceTree = "<group>"; };
		03DB092B1B8708AB00692E39 /* EarlyEducationViewController.m */ = {isa = PBXFileReference; fileEncoding = 4; lastKnownFileType = sourcecode.c.objc; path = EarlyEducationViewController.m; sourceTree = "<group>"; };
		03DB092C1B8708AB00692E39 /* EarlyEducationViewController.xib */ = {isa = PBXFileReference; fileEncoding = 4; lastKnownFileType = file.xib; path = EarlyEducationViewController.xib; sourceTree = "<group>"; };
		03DB092F1B8708C300692E39 /* WebViewController.h */ = {isa = PBXFileReference; fileEncoding = 4; lastKnownFileType = sourcecode.c.h; path = WebViewController.h; sourceTree = "<group>"; };
		03DB09301B8708C300692E39 /* WebViewController.m */ = {isa = PBXFileReference; fileEncoding = 4; lastKnownFileType = sourcecode.c.objc; path = WebViewController.m; sourceTree = "<group>"; };
		03DB09311B8708C300692E39 /* WebViewController.xib */ = {isa = PBXFileReference; fileEncoding = 4; lastKnownFileType = file.xib; path = WebViewController.xib; sourceTree = "<group>"; };
		03DB09341B8708E800692E39 /* GoodInfomationViewController.h */ = {isa = PBXFileReference; fileEncoding = 4; lastKnownFileType = sourcecode.c.h; path = GoodInfomationViewController.h; sourceTree = "<group>"; };
		03DB09351B8708E800692E39 /* GoodInfomationViewController.m */ = {isa = PBXFileReference; fileEncoding = 4; lastKnownFileType = sourcecode.c.objc; path = GoodInfomationViewController.m; sourceTree = "<group>"; };
		03DB09361B8708E800692E39 /* GoodInfomationViewController.xib */ = {isa = PBXFileReference; fileEncoding = 4; lastKnownFileType = file.xib; path = GoodInfomationViewController.xib; sourceTree = "<group>"; };
		03DB093E1B87095700692E39 /* OnlineOrderViewController.h */ = {isa = PBXFileReference; fileEncoding = 4; lastKnownFileType = sourcecode.c.h; path = OnlineOrderViewController.h; sourceTree = "<group>"; };
		03DB093F1B87095700692E39 /* OnlineOrderViewController.m */ = {isa = PBXFileReference; fileEncoding = 4; lastKnownFileType = sourcecode.c.objc; path = OnlineOrderViewController.m; sourceTree = "<group>"; };
		03DB09401B87095700692E39 /* OnlineOrderViewController.xib */ = {isa = PBXFileReference; fileEncoding = 4; lastKnownFileType = file.xib; path = OnlineOrderViewController.xib; sourceTree = "<group>"; };
		03DB09431B87099F00692E39 /* OrderSuccessfulViewController.h */ = {isa = PBXFileReference; fileEncoding = 4; lastKnownFileType = sourcecode.c.h; path = OrderSuccessfulViewController.h; sourceTree = "<group>"; };
		03DB09441B87099F00692E39 /* OrderSuccessfulViewController.m */ = {isa = PBXFileReference; fileEncoding = 4; lastKnownFileType = sourcecode.c.objc; path = OrderSuccessfulViewController.m; sourceTree = "<group>"; };
		03DB09451B87099F00692E39 /* OrderSuccessfulViewController.xib */ = {isa = PBXFileReference; fileEncoding = 4; lastKnownFileType = file.xib; path = OrderSuccessfulViewController.xib; sourceTree = "<group>"; };
		03DB09481B8709E900692E39 /* MyEvaluationViewController.h */ = {isa = PBXFileReference; fileEncoding = 4; lastKnownFileType = sourcecode.c.h; path = MyEvaluationViewController.h; sourceTree = "<group>"; };
		03DB09491B8709E900692E39 /* MyEvaluationViewController.m */ = {isa = PBXFileReference; fileEncoding = 4; lastKnownFileType = sourcecode.c.objc; path = MyEvaluationViewController.m; sourceTree = "<group>"; };
		03DB094A1B8709E900692E39 /* MyEvaluationViewController.xib */ = {isa = PBXFileReference; fileEncoding = 4; lastKnownFileType = file.xib; path = MyEvaluationViewController.xib; sourceTree = "<group>"; };
		03DB094F1B87108D00692E39 /* FontHeader.h */ = {isa = PBXFileReference; fileEncoding = 4; lastKnownFileType = sourcecode.c.h; path = FontHeader.h; sourceTree = "<group>"; };
		03DB09501B8713D400692E39 /* GoodMercharTableViewCell.h */ = {isa = PBXFileReference; fileEncoding = 4; lastKnownFileType = sourcecode.c.h; path = GoodMercharTableViewCell.h; sourceTree = "<group>"; };
		03DB09511B8713D400692E39 /* GoodMercharTableViewCell.m */ = {isa = PBXFileReference; fileEncoding = 4; lastKnownFileType = sourcecode.c.objc; path = GoodMercharTableViewCell.m; sourceTree = "<group>"; };
		03DB09521B8713D400692E39 /* GoodMercharTableViewCell.xib */ = {isa = PBXFileReference; fileEncoding = 4; lastKnownFileType = file.xib; path = GoodMercharTableViewCell.xib; sourceTree = "<group>"; };
		03DB09551B87145700692E39 /* ManagedTypesTableViewCell.h */ = {isa = PBXFileReference; fileEncoding = 4; lastKnownFileType = sourcecode.c.h; path = ManagedTypesTableViewCell.h; sourceTree = "<group>"; };
		03DB09561B87145700692E39 /* ManagedTypesTableViewCell.m */ = {isa = PBXFileReference; fileEncoding = 4; lastKnownFileType = sourcecode.c.objc; path = ManagedTypesTableViewCell.m; sourceTree = "<group>"; };
		03DB09571B87145700692E39 /* ManagedTypesTableViewCell.xib */ = {isa = PBXFileReference; fileEncoding = 4; lastKnownFileType = file.xib; path = ManagedTypesTableViewCell.xib; sourceTree = "<group>"; };
		03DB095A1B874E4300692E39 /* ManagedViewController.h */ = {isa = PBXFileReference; fileEncoding = 4; lastKnownFileType = sourcecode.c.h; path = ManagedViewController.h; sourceTree = "<group>"; };
		03DB095B1B874E4300692E39 /* ManagedViewController.m */ = {isa = PBXFileReference; fileEncoding = 4; lastKnownFileType = sourcecode.c.objc; path = ManagedViewController.m; sourceTree = "<group>"; };
		03DB095C1B874E4300692E39 /* ManagedViewController.xib */ = {isa = PBXFileReference; fileEncoding = 4; lastKnownFileType = file.xib; path = ManagedViewController.xib; sourceTree = "<group>"; };
/* End PBXFileReference section */

/* Begin PBXFrameworksBuildPhase section */
		03DB08581B86BB1000692E39 /* Frameworks */ = {
			isa = PBXFrameworksBuildPhase;
			buildActionMask = 2147483647;
			files = (
			);
			runOnlyForDeploymentPostprocessing = 0;
		};
		03DB08711B86BB1000692E39 /* Frameworks */ = {
			isa = PBXFrameworksBuildPhase;
			buildActionMask = 2147483647;
			files = (
			);
			runOnlyForDeploymentPostprocessing = 0;
		};
/* End PBXFrameworksBuildPhase section */

/* Begin PBXGroup section */
		03DB08521B86BB1000692E39 = {
			isa = PBXGroup;
			children = (
				03DB085D1B86BB1000692E39 /* YJT--yaw */,
				03DB08771B86BB1000692E39 /* YJT--yawTests */,
				03DB085C1B86BB1000692E39 /* Products */,
			);
			sourceTree = "<group>";
		};
		03DB085C1B86BB1000692E39 /* Products */ = {
			isa = PBXGroup;
			children = (
				03DB085B1B86BB1000692E39 /* YJT--yaw.app */,
				03DB08741B86BB1000692E39 /* YJT--yawTests.xctest */,
			);
			name = Products;
			sourceTree = "<group>";
		};
		03DB085D1B86BB1000692E39 /* YJT--yaw */ = {
			isa = PBXGroup;
			children = (
				03DB08BA1B86FE5A00692E39 /* Headers */,
				03DB094D1B870A9300692E39 /* Model */,
				03DB094E1B870A9300692E39 /* View */,
				03DB08BB1B86FE5A00692E39 /* HttpRequest */,
				03DB08BC1B86FE5A00692E39 /* Thirds */,
				03DB08BD1B86FE5A00692E39 /* ViewControllers */,
				03DB08621B86BB1000692E39 /* AppDelegate.h */,
				03DB08631B86BB1000692E39 /* AppDelegate.m */,
				03DB08651B86BB1000692E39 /* ViewController.h */,
				03DB08661B86BB1000692E39 /* ViewController.m */,
				03DB08681B86BB1000692E39 /* Main.storyboard */,
				03DB086B1B86BB1000692E39 /* Images.xcassets */,
				03DB086D1B86BB1000692E39 /* LaunchScreen.xib */,
				03DB085E1B86BB1000692E39 /* Supporting Files */,
			);
			path = "YJT--yaw";
			sourceTree = "<group>";
		};
		03DB085E1B86BB1000692E39 /* Supporting Files */ = {
			isa = PBXGroup;
			children = (
				03DB085F1B86BB1000692E39 /* Info.plist */,
				03DB08601B86BB1000692E39 /* main.m */,
			);
			name = "Supporting Files";
			sourceTree = "<group>";
		};
		03DB08771B86BB1000692E39 /* YJT--yawTests */ = {
			isa = PBXGroup;
			children = (
				03DB087A1B86BB1000692E39 /* YJT__yawTests.m */,
				03DB08781B86BB1000692E39 /* Supporting Files */,
			);
			path = "YJT--yawTests";
			sourceTree = "<group>";
		};
		03DB08781B86BB1000692E39 /* Supporting Files */ = {
			isa = PBXGroup;
			children = (
				03DB08791B86BB1000692E39 /* Info.plist */,
			);
			name = "Supporting Files";
			sourceTree = "<group>";
		};
		03DB08BA1B86FE5A00692E39 /* Headers */ = {
			isa = PBXGroup;
			children = (
				03DB08DF1B86FECD00692E39 /* Header.h */,
				03DB094F1B87108D00692E39 /* FontHeader.h */,
			);
			path = Headers;
			sourceTree = "<group>";
		};
		03DB08BB1B86FE5A00692E39 /* HttpRequest */ = {
			isa = PBXGroup;
			children = (
			);
			path = HttpRequest;
			sourceTree = "<group>";
		};
		03DB08BC1B86FE5A00692E39 /* Thirds */ = {
			isa = PBXGroup;
			children = (
				03DB08E01B86FED500692E39 /* Masonry */,
			);
			path = Thirds;
			sourceTree = "<group>";
		};
		03DB08BD1B86FE5A00692E39 /* ViewControllers */ = {
			isa = PBXGroup;
			children = (
				03DB09181B86FF8600692E39 /* HomeVC */,
				03DB09151B86FF8600692E39 /* GoodMercharVC */,
				03DB091E1B86FF8600692E39 /* MyCenterVC */,
				03DB09211B86FF8600692E39 /* ShareVC */,
				03DB09011B86FF0000692E39 /* BaseViewController.h */,
				03DB09021B86FF0000692E39 /* BaseViewController.m */,
			);
			path = ViewControllers;
			sourceTree = "<group>";
		};
		03DB08E01B86FED500692E39 /* Masonry */ = {
			isa = PBXGroup;
			children = (
				03DB08E11B86FED500692E39 /* MASCompositeConstraint.h */,
				03DB08E21B86FED500692E39 /* MASCompositeConstraint.m */,
				03DB08E31B86FED500692E39 /* MASConstraint+Private.h */,
				03DB08E41B86FED500692E39 /* MASConstraint.h */,
				03DB08E51B86FED500692E39 /* MASConstraint.m */,
				03DB08E61B86FED500692E39 /* MASConstraintMaker.h */,
				03DB08E71B86FED500692E39 /* MASConstraintMaker.m */,
				03DB08E81B86FED500692E39 /* MASLayoutConstraint.h */,
				03DB08E91B86FED500692E39 /* MASLayoutConstraint.m */,
				03DB08EA1B86FED500692E39 /* Masonry.h */,
				03DB08EB1B86FED500692E39 /* MASUtilities.h */,
				03DB08EC1B86FED500692E39 /* MASViewAttribute.h */,
				03DB08ED1B86FED500692E39 /* MASViewAttribute.m */,
				03DB08EE1B86FED500692E39 /* MASViewConstraint.h */,
				03DB08EF1B86FED500692E39 /* MASViewConstraint.m */,
				03DB08F01B86FED500692E39 /* NSArray+MASAdditions.h */,
				03DB08F11B86FED500692E39 /* NSArray+MASAdditions.m */,
				03DB08F21B86FED500692E39 /* NSArray+MASShorthandAdditions.h */,
				03DB08F31B86FED500692E39 /* NSLayoutConstraint+MASDebugAdditions.h */,
				03DB08F41B86FED500692E39 /* NSLayoutConstraint+MASDebugAdditions.m */,
				03DB08F51B86FED500692E39 /* View+MASAdditions.h */,
				03DB08F61B86FED500692E39 /* View+MASAdditions.m */,
				03DB08F71B86FED500692E39 /* View+MASShorthandAdditions.h */,
			);
			path = Masonry;
			sourceTree = "<group>";
		};
		03DB09151B86FF8600692E39 /* GoodMercharVC */ = {
			isa = PBXGroup;
			children = (
				03DB09161B86FF8600692E39 /* GoodMercharViewController.h */,
				03DB09171B86FF8600692E39 /* GoodMercharViewController.m */,
				03DB09501B8713D400692E39 /* GoodMercharTableViewCell.h */,
				03DB09511B8713D400692E39 /* GoodMercharTableViewCell.m */,
				03DB09521B8713D400692E39 /* GoodMercharTableViewCell.xib */,
				03DB09341B8708E800692E39 /* GoodInfomationViewController.h */,
				03DB09351B8708E800692E39 /* GoodInfomationViewController.m */,
				03DB09361B8708E800692E39 /* GoodInfomationViewController.xib */,
				03DB093E1B87095700692E39 /* OnlineOrderViewController.h */,
				03DB093F1B87095700692E39 /* OnlineOrderViewController.m */,
				03DB09401B87095700692E39 /* OnlineOrderViewController.xib */,
				03DB09431B87099F00692E39 /* OrderSuccessfulViewController.h */,
				03DB09441B87099F00692E39 /* OrderSuccessfulViewController.m */,
				03DB09451B87099F00692E39 /* OrderSuccessfulViewController.xib */,
			);
			path = GoodMercharVC;
			sourceTree = "<group>";
		};
		03DB09181B86FF8600692E39 /* HomeVC */ = {
			isa = PBXGroup;
			children = (
				03DB09191B86FF8600692E39 /* HomeViewController.h */,
				03DB091A1B86FF8600692E39 /* HomeViewController.m */,
				03DB091B1B86FF8600692E39 /* ManagedTypesViewController.h */,
				03DB091C1B86FF8600692E39 /* ManagedTypesViewController.m */,
				03DB091D1B86FF8600692E39 /* ManagedTypesViewController.xib */,
				03DB095A1B874E4300692E39 /* ManagedViewController.h */,
				03DB095B1B874E4300692E39 /* ManagedViewController.m */,
				03DB095C1B874E4300692E39 /* ManagedViewController.xib */,
				03DB09551B87145700692E39 /* ManagedTypesTableViewCell.h */,
				03DB09561B87145700692E39 /* ManagedTypesTableViewCell.m */,
				03DB09571B87145700692E39 /* ManagedTypesTableViewCell.xib */,
				03DB092A1B8708AB00692E39 /* EarlyEducationViewController.h */,
				03DB092B1B8708AB00692E39 /* EarlyEducationViewController.m */,
				03DB092C1B8708AB00692E39 /* EarlyEducationViewController.xib */,
				03DB092F1B8708C300692E39 /* WebViewController.h */,
				03DB09301B8708C300692E39 /* WebViewController.m */,
				03DB09311B8708C300692E39 /* WebViewController.xib */,
			);
			path = HomeVC;
			sourceTree = "<group>";
		};
		03DB091E1B86FF8600692E39 /* MyCenterVC */ = {
			isa = PBXGroup;
			children = (
				03DB091F1B86FF8600692E39 /* MyCenterViewController.h */,
				03DB09201B86FF8600692E39 /* MyCenterViewController.m */,
				03DB09481B8709E900692E39 /* MyEvaluationViewController.h */,
				03DB09491B8709E900692E39 /* MyEvaluationViewController.m */,
				03DB094A1B8709E900692E39 /* MyEvaluationViewController.xib */,
			);
			path = MyCenterVC;
			sourceTree = "<group>";
		};
		03DB09211B86FF8600692E39 /* ShareVC */ = {
			isa = PBXGroup;
			children = (
				03DB09221B86FF8600692E39 /* ShareViewController.h */,
				03DB09231B86FF8600692E39 /* ShareViewController.m */,
			);
			path = ShareVC;
			sourceTree = "<group>";
		};
		03DB094D1B870A9300692E39 /* Model */ = {
			isa = PBXGroup;
			children = (
			);
			path = Model;
			sourceTree = "<group>";
		};
		03DB094E1B870A9300692E39 /* View */ = {
			isa = PBXGroup;
			children = (
			);
			path = View;
			sourceTree = "<group>";
		};
/* End PBXGroup section */

/* Begin PBXNativeTarget section */
		03DB085A1B86BB1000692E39 /* YJT--yaw */ = {
			isa = PBXNativeTarget;
			buildConfigurationList = 03DB087E1B86BB1000692E39 /* Build configuration list for PBXNativeTarget "YJT--yaw" */;
			buildPhases = (
				03DB08571B86BB1000692E39 /* Sources */,
				03DB08581B86BB1000692E39 /* Frameworks */,
				03DB08591B86BB1000692E39 /* Resources */,
			);
			buildRules = (
			);
			dependencies = (
			);
			name = "YJT--yaw";
			productName = "YJT--yaw";
			productReference = 03DB085B1B86BB1000692E39 /* YJT--yaw.app */;
			productType = "com.apple.product-type.application";
		};
		03DB08731B86BB1000692E39 /* YJT--yawTests */ = {
			isa = PBXNativeTarget;
			buildConfigurationList = 03DB08811B86BB1000692E39 /* Build configuration list for PBXNativeTarget "YJT--yawTests" */;
			buildPhases = (
				03DB08701B86BB1000692E39 /* Sources */,
				03DB08711B86BB1000692E39 /* Frameworks */,
				03DB08721B86BB1000692E39 /* Resources */,
			);
			buildRules = (
			);
			dependencies = (
				03DB08761B86BB1000692E39 /* PBXTargetDependency */,
			);
			name = "YJT--yawTests";
			productName = "YJT--yawTests";
			productReference = 03DB08741B86BB1000692E39 /* YJT--yawTests.xctest */;
			productType = "com.apple.product-type.bundle.unit-test";
		};
/* End PBXNativeTarget section */

/* Begin PBXProject section */
		03DB08531B86BB1000692E39 /* Project object */ = {
			isa = PBXProject;
			attributes = {
				LastUpgradeCheck = 0640;
				ORGANIZATIONNAME = yangyawei;
				TargetAttributes = {
					03DB085A1B86BB1000692E39 = {
						CreatedOnToolsVersion = 6.4;
					};
					03DB08731B86BB1000692E39 = {
						CreatedOnToolsVersion = 6.4;
						TestTargetID = 03DB085A1B86BB1000692E39;
					};
				};
			};
			buildConfigurationList = 03DB08561B86BB1000692E39 /* Build configuration list for PBXProject "YJT--yaw" */;
			compatibilityVersion = "Xcode 3.2";
			developmentRegion = English;
			hasScannedForEncodings = 0;
			knownRegions = (
				en,
				Base,
			);
			mainGroup = 03DB08521B86BB1000692E39;
			productRefGroup = 03DB085C1B86BB1000692E39 /* Products */;
			projectDirPath = "";
			projectRoot = "";
			targets = (
				03DB085A1B86BB1000692E39 /* YJT--yaw */,
				03DB08731B86BB1000692E39 /* YJT--yawTests */,
			);
		};
/* End PBXProject section */

/* Begin PBXResourcesBuildPhase section */
		03DB08591B86BB1000692E39 /* Resources */ = {
			isa = PBXResourcesBuildPhase;
			buildActionMask = 2147483647;
			files = (
				03DB09381B8708E800692E39 /* GoodInfomationViewController.xib in Resources */,
				03DB09271B86FF8600692E39 /* ManagedTypesViewController.xib in Resources */,
				03DB094C1B8709E900692E39 /* MyEvaluationViewController.xib in Resources */,
				03DB092E1B8708AB00692E39 /* EarlyEducationViewController.xib in Resources */,
				03DB086A1B86BB1000692E39 /* Main.storyboard in Resources */,
				03DB09331B8708C300692E39 /* WebViewController.xib in Resources */,
				03DB09471B87099F00692E39 /* OrderSuccessfulViewController.xib in Resources */,
				03DB09591B87145700692E39 /* ManagedTypesTableViewCell.xib in Resources */,
				03DB086F1B86BB1000692E39 /* LaunchScreen.xib in Resources */,
				03DB095E1B874E4300692E39 /* ManagedViewController.xib in Resources */,
				03DB09421B87095700692E39 /* OnlineOrderViewController.xib in Resources */,
				03DB086C1B86BB1000692E39 /* Images.xcassets in Resources */,
				03DB09541B8713D400692E39 /* GoodMercharTableViewCell.xib in Resources */,
			);
			runOnlyForDeploymentPostprocessing = 0;
		};
		03DB08721B86BB1000692E39 /* Resources */ = {
			isa = PBXResourcesBuildPhase;
			buildActionMask = 2147483647;
			files = (
			);
			runOnlyForDeploymentPostprocessing = 0;
		};
/* End PBXResourcesBuildPhase section */

/* Begin PBXSourcesBuildPhase section */
		03DB08571B86BB1000692E39 /* Sources */ = {
			isa = PBXSourcesBuildPhase;
			buildActionMask = 2147483647;
			files = (
				03DB09281B86FF8600692E39 /* MyCenterViewController.m in Sources */,
				03DB08FD1B86FED500692E39 /* MASViewConstraint.m in Sources */,
				03DB08FC1B86FED500692E39 /* MASViewAttribute.m in Sources */,
				03DB08671B86BB1000692E39 /* ViewController.m in Sources */,
				03DB094B1B8709E900692E39 /* MyEvaluationViewController.m in Sources */,
				03DB09581B87145700692E39 /* ManagedTypesTableViewCell.m in Sources */,
				03DB08F81B86FED500692E39 /* MASCompositeConstraint.m in Sources */,
				03DB09241B86FF8600692E39 /* GoodMercharViewController.m in Sources */,
				03DB08FA1B86FED500692E39 /* MASConstraintMaker.m in Sources */,
				03DB09461B87099F00692E39 /* OrderSuccessfulViewController.m in Sources */,
				03DB09001B86FED500692E39 /* View+MASAdditions.m in Sources */,
				03DB08FB1B86FED500692E39 /* MASLayoutConstraint.m in Sources */,
				03DB09531B8713D400692E39 /* GoodMercharTableViewCell.m in Sources */,
				03DB09261B86FF8600692E39 /* ManagedTypesViewController.m in Sources */,
				03DB09251B86FF8600692E39 /* HomeViewController.m in Sources */,
				03DB09321B8708C300692E39 /* WebViewController.m in Sources */,
				03DB08F91B86FED500692E39 /* MASConstraint.m in Sources */,
				03DB09371B8708E800692E39 /* GoodInfomationViewController.m in Sources */,
				03DB095D1B874E4300692E39 /* ManagedViewController.m in Sources */,
				03DB09411B87095700692E39 /* OnlineOrderViewController.m in Sources */,
				03DB08641B86BB1000692E39 /* AppDelegate.m in Sources */,
				03DB090E1B86FF0000692E39 /* BaseViewController.m in Sources */,
				03DB08FE1B86FED500692E39 /* NSArray+MASAdditions.m in Sources */,
				03DB08FF1B86FED500692E39 /* NSLayoutConstraint+MASDebugAdditions.m in Sources */,
				03DB09291B86FF8600692E39 /* ShareViewController.m in Sources */,
				03DB08611B86BB1000692E39 /* main.m in Sources */,
				03DB092D1B8708AB00692E39 /* EarlyEducationViewController.m in Sources */,
			);
			runOnlyForDeploymentPostprocessing = 0;
		};
		03DB08701B86BB1000692E39 /* Sources */ = {
			isa = PBXSourcesBuildPhase;
			buildActionMask = 2147483647;
			files = (
				03DB087B1B86BB1000692E39 /* YJT__yawTests.m in Sources */,
			);
			runOnlyForDeploymentPostprocessing = 0;
		};
/* End PBXSourcesBuildPhase section */

/* Begin PBXTargetDependency section */
		03DB08761B86BB1000692E39 /* PBXTargetDependency */ = {
			isa = PBXTargetDependency;
			target = 03DB085A1B86BB1000692E39 /* YJT--yaw */;
			targetProxy = 03DB08751B86BB1000692E39 /* PBXContainerItemProxy */;
		};
/* End PBXTargetDependency section */

/* Begin PBXVariantGroup section */
		03DB08681B86BB1000692E39 /* Main.storyboard */ = {
			isa = PBXVariantGroup;
			children = (
				03DB08691B86BB1000692E39 /* Base */,
			);
			name = Main.storyboard;
			sourceTree = "<group>";
		};
		03DB086D1B86BB1000692E39 /* LaunchScreen.xib */ = {
			isa = PBXVariantGroup;
			children = (
				03DB086E1B86BB1000692E39 /* Base */,
			);
			name = LaunchScreen.xib;
			sourceTree = "<group>";
		};
/* End PBXVariantGroup section */

/* Begin XCBuildConfiguration section */
		03DB087C1B86BB1000692E39 /* Debug */ = {
			isa = XCBuildConfiguration;
			buildSettings = {
				ALWAYS_SEARCH_USER_PATHS = NO;
				CLANG_CXX_LANGUAGE_STANDARD = "gnu++0x";
				CLANG_CXX_LIBRARY = "libc++";
				CLANG_ENABLE_MODULES = YES;
				CLANG_ENABLE_OBJC_ARC = YES;
				CLANG_WARN_BOOL_CONVERSION = YES;
				CLANG_WARN_CONSTANT_CONVERSION = YES;
				CLANG_WARN_DIRECT_OBJC_ISA_USAGE = YES_ERROR;
				CLANG_WARN_EMPTY_BODY = YES;
				CLANG_WARN_ENUM_CONVERSION = YES;
				CLANG_WARN_INT_CONVERSION = YES;
				CLANG_WARN_OBJC_ROOT_CLASS = YES_ERROR;
				CLANG_WARN_UNREACHABLE_CODE = YES;
				CLANG_WARN__DUPLICATE_METHOD_MATCH = YES;
				"CODE_SIGN_IDENTITY[sdk=iphoneos*]" = "iPhone Developer";
				COPY_PHASE_STRIP = NO;
				DEBUG_INFORMATION_FORMAT = "dwarf-with-dsym";
				ENABLE_STRICT_OBJC_MSGSEND = YES;
				GCC_C_LANGUAGE_STANDARD = gnu99;
				GCC_DYNAMIC_NO_PIC = NO;
				GCC_NO_COMMON_BLOCKS = YES;
				GCC_OPTIMIZATION_LEVEL = 0;
				GCC_PREPROCESSOR_DEFINITIONS = (
					"DEBUG=1",
					"$(inherited)",
				);
				GCC_SYMBOLS_PRIVATE_EXTERN = NO;
				GCC_WARN_64_TO_32_BIT_CONVERSION = YES;
				GCC_WARN_ABOUT_RETURN_TYPE = YES_ERROR;
				GCC_WARN_UNDECLARED_SELECTOR = YES;
				GCC_WARN_UNINITIALIZED_AUTOS = YES_AGGRESSIVE;
				GCC_WARN_UNUSED_FUNCTION = YES;
				GCC_WARN_UNUSED_VARIABLE = YES;
				IPHONEOS_DEPLOYMENT_TARGET = 8.4;
				MTL_ENABLE_DEBUG_INFO = YES;
				ONLY_ACTIVE_ARCH = YES;
				SDKROOT = iphoneos;
			};
			name = Debug;
		};
		03DB087D1B86BB1000692E39 /* Release */ = {
			isa = XCBuildConfiguration;
			buildSettings = {
				ALWAYS_SEARCH_USER_PATHS = NO;
				CLANG_CXX_LANGUAGE_STANDARD = "gnu++0x";
				CLANG_CXX_LIBRARY = "libc++";
				CLANG_ENABLE_MODULES = YES;
				CLANG_ENABLE_OBJC_ARC = YES;
				CLANG_WARN_BOOL_CONVERSION = YES;
				CLANG_WARN_CONSTANT_CONVERSION = YES;
				CLANG_WARN_DIRECT_OBJC_ISA_USAGE = YES_ERROR;
				CLANG_WARN_EMPTY_BODY = YES;
				CLANG_WARN_ENUM_CONVERSION = YES;
				CLANG_WARN_INT_CONVERSION = YES;
				CLANG_WARN_OBJC_ROOT_CLASS = YES_ERROR;
				CLANG_WARN_UNREACHABLE_CODE = YES;
				CLANG_WARN__DUPLICATE_METHOD_MATCH = YES;
				"CODE_SIGN_IDENTITY[sdk=iphoneos*]" = "iPhone Developer";
				COPY_PHASE_STRIP = NO;
				DEBUG_INFORMATION_FORMAT = "dwarf-with-dsym";
				ENABLE_NS_ASSERTIONS = NO;
				ENABLE_STRICT_OBJC_MSGSEND = YES;
				GCC_C_LANGUAGE_STANDARD = gnu99;
				GCC_NO_COMMON_BLOCKS = YES;
				GCC_WARN_64_TO_32_BIT_CONVERSION = YES;
				GCC_WARN_ABOUT_RETURN_TYPE = YES_ERROR;
				GCC_WARN_UNDECLARED_SELECTOR = YES;
				GCC_WARN_UNINITIALIZED_AUTOS = YES_AGGRESSIVE;
				GCC_WARN_UNUSED_FUNCTION = YES;
				GCC_WARN_UNUSED_VARIABLE = YES;
				IPHONEOS_DEPLOYMENT_TARGET = 8.4;
				MTL_ENABLE_DEBUG_INFO = NO;
				SDKROOT = iphoneos;
				VALIDATE_PRODUCT = YES;
			};
			name = Release;
		};
		03DB087F1B86BB1000692E39 /* Debug */ = {
			isa = XCBuildConfiguration;
			buildSettings = {
				ASSETCATALOG_COMPILER_APPICON_NAME = AppIcon;
				INFOPLIST_FILE = "YJT--yaw/Info.plist";
				LD_RUNPATH_SEARCH_PATHS = "$(inherited) @executable_path/Frameworks";
				PRODUCT_NAME = "$(TARGET_NAME)";
			};
			name = Debug;
		};
		03DB08801B86BB1000692E39 /* Release */ = {
			isa = XCBuildConfiguration;
			buildSettings = {
				ASSETCATALOG_COMPILER_APPICON_NAME = AppIcon;
				INFOPLIST_FILE = "YJT--yaw/Info.plist";
				LD_RUNPATH_SEARCH_PATHS = "$(inherited) @executable_path/Frameworks";
				PRODUCT_NAME = "$(TARGET_NAME)";
			};
			name = Release;
		};
		03DB08821B86BB1000692E39 /* Debug */ = {
			isa = XCBuildConfiguration;
			buildSettings = {
				BUNDLE_LOADER = "$(TEST_HOST)";
				FRAMEWORK_SEARCH_PATHS = (
					"$(SDKROOT)/Developer/Library/Frameworks",
					"$(inherited)",
				);
				GCC_PREPROCESSOR_DEFINITIONS = (
					"DEBUG=1",
					"$(inherited)",
				);
				INFOPLIST_FILE = "YJT--yawTests/Info.plist";
				LD_RUNPATH_SEARCH_PATHS = "$(inherited) @executable_path/Frameworks @loader_path/Frameworks";
				PRODUCT_NAME = "$(TARGET_NAME)";
				TEST_HOST = "$(BUILT_PRODUCTS_DIR)/YJT--yaw.app/YJT--yaw";
			};
			name = Debug;
		};
		03DB08831B86BB1000692E39 /* Release */ = {
			isa = XCBuildConfiguration;
			buildSettings = {
				BUNDLE_LOADER = "$(TEST_HOST)";
				FRAMEWORK_SEARCH_PATHS = (
					"$(SDKROOT)/Developer/Library/Frameworks",
					"$(inherited)",
				);
				INFOPLIST_FILE = "YJT--yawTests/Info.plist";
				LD_RUNPATH_SEARCH_PATHS = "$(inherited) @executable_path/Frameworks @loader_path/Frameworks";
				PRODUCT_NAME = "$(TARGET_NAME)";
				TEST_HOST = "$(BUILT_PRODUCTS_DIR)/YJT--yaw.app/YJT--yaw";
			};
			name = Release;
		};
/* End XCBuildConfiguration section */

/* Begin XCConfigurationList section */
		03DB08561B86BB1000692E39 /* Build configuration list for PBXProject "YJT--yaw" */ = {
			isa = XCConfigurationList;
			buildConfigurations = (
				03DB087C1B86BB1000692E39 /* Debug */,
				03DB087D1B86BB1000692E39 /* Release */,
			);
			defaultConfigurationIsVisible = 0;
			defaultConfigurationName = Release;
		};
		03DB087E1B86BB1000692E39 /* Build configuration list for PBXNativeTarget "YJT--yaw" */ = {
			isa = XCConfigurationList;
			buildConfigurations = (
				03DB087F1B86BB1000692E39 /* Debug */,
				03DB08801B86BB1000692E39 /* Release */,
			);
			defaultConfigurationIsVisible = 0;
		};
		03DB08811B86BB1000692E39 /* Build configuration list for PBXNativeTarget "YJT--yawTests" */ = {
			isa = XCConfigurationList;
			buildConfigurations = (
				03DB08821B86BB1000692E39 /* Debug */,
				03DB08831B86BB1000692E39 /* Release */,
			);
			defaultConfigurationIsVisible = 0;
		};
/* End XCConfigurationList section */
	};
	rootObject = 03DB08531B86BB1000692E39 /* Project object */;
}
